// !$*UTF8*$!
{
	archiveVersion = 1;
	classes = {
	};
	objectVersion = 46;
	objects = {

/* Begin PBXBuildFile section */
		0B05E7691E4FC8DD00D7DC82 /* AppDelegate.swift in Sources */ = {isa = PBXBuildFile; fileRef = 0B05E7681E4FC8DD00D7DC82 /* AppDelegate.swift */; };
		0B05E76B1E4FC8DD00D7DC82 /* MainController.swift in Sources */ = {isa = PBXBuildFile; fileRef = 0B05E76A1E4FC8DD00D7DC82 /* MainController.swift */; };
		0B05E7711E4FC8DD00D7DC82 /* Caesar.xcdatamodeld in Sources */ = {isa = PBXBuildFile; fileRef = 0B05E76F1E4FC8DD00D7DC82 /* Caesar.xcdatamodeld */; };
		0B05E7731E4FC8DD00D7DC82 /* Assets.xcassets in Resources */ = {isa = PBXBuildFile; fileRef = 0B05E7721E4FC8DD00D7DC82 /* Assets.xcassets */; };
		0B05E7761E4FC8DD00D7DC82 /* LaunchScreen.storyboard in Resources */ = {isa = PBXBuildFile; fileRef = 0B05E7741E4FC8DD00D7DC82 /* LaunchScreen.storyboard */; };
		0B4300071E5776E1004807F6 /* Okomito-Black.otf in Resources */ = {isa = PBXBuildFile; fileRef = 0B43FFFE1E5776E1004807F6 /* Okomito-Black.otf */; };
		0B4300081E5776E1004807F6 /* Okomito-Bold.otf in Resources */ = {isa = PBXBuildFile; fileRef = 0B43FFFF1E5776E1004807F6 /* Okomito-Bold.otf */; };
		0B4300091E5776E1004807F6 /* Okomito-BoldItalic.otf in Resources */ = {isa = PBXBuildFile; fileRef = 0B4300001E5776E1004807F6 /* Okomito-BoldItalic.otf */; };
		0B43000A1E5776E1004807F6 /* Okomito-Italic.otf in Resources */ = {isa = PBXBuildFile; fileRef = 0B4300011E5776E1004807F6 /* Okomito-Italic.otf */; };
		0B43000B1E5776E1004807F6 /* Okomito-Light.otf in Resources */ = {isa = PBXBuildFile; fileRef = 0B4300021E5776E1004807F6 /* Okomito-Light.otf */; };
		0B43000C1E5776E1004807F6 /* Okomito-LightItalic.otf in Resources */ = {isa = PBXBuildFile; fileRef = 0B4300031E5776E1004807F6 /* Okomito-LightItalic.otf */; };
		0B43000D1E5776E1004807F6 /* Okomito-Medium.otf in Resources */ = {isa = PBXBuildFile; fileRef = 0B4300041E5776E1004807F6 /* Okomito-Medium.otf */; };
		0B43000E1E5776E1004807F6 /* Okomito-MediumItalic.otf in Resources */ = {isa = PBXBuildFile; fileRef = 0B4300051E5776E1004807F6 /* Okomito-MediumItalic.otf */; };
		0B43000F1E5776E1004807F6 /* Okomito-Regular.otf in Resources */ = {isa = PBXBuildFile; fileRef = 0B4300061E5776E1004807F6 /* Okomito-Regular.otf */; };
		0B4300111E5776E8004807F6 /* EULA.txt in Resources */ = {isa = PBXBuildFile; fileRef = 0B4300101E5776E8004807F6 /* EULA.txt */; };
		0B4300131E578E21004807F6 /* HistoryCell.swift in Sources */ = {isa = PBXBuildFile; fileRef = 0B4300121E578E21004807F6 /* HistoryCell.swift */; };
		0BC202111E51FA2300B6D5C1 /* CloudKit.framework in Frameworks */ = {isa = PBXBuildFile; fileRef = 0BC202101E51FA2300B6D5C1 /* CloudKit.framework */; };
		0BC202131E52183200B6D5C1 /* Algorithms.swift in Sources */ = {isa = PBXBuildFile; fileRef = 0BC202121E52183200B6D5C1 /* Algorithms.swift */; };
		0BC202151E5246F300B6D5C1 /* HistoryController.swift in Sources */ = {isa = PBXBuildFile; fileRef = 0BC202141E5246F300B6D5C1 /* HistoryController.swift */; };
		0BC202171E52529C00B6D5C1 /* Cipher.swift in Sources */ = {isa = PBXBuildFile; fileRef = 0BC202161E52529C00B6D5C1 /* Cipher.swift */; };
/* End PBXBuildFile section */

/* Begin PBXFileReference section */
		0B05E7651E4FC8DD00D7DC82 /* Caesar.app */ = {isa = PBXFileReference; explicitFileType = wrapper.application; includeInIndex = 0; path = Caesar.app; sourceTree = BUILT_PRODUCTS_DIR; };
		0B05E7681E4FC8DD00D7DC82 /* AppDelegate.swift */ = {isa = PBXFileReference; lastKnownFileType = sourcecode.swift; path = AppDelegate.swift; sourceTree = "<group>"; };
		0B05E76A1E4FC8DD00D7DC82 /* MainController.swift */ = {isa = PBXFileReference; lastKnownFileType = sourcecode.swift; path = MainController.swift; sourceTree = "<group>"; };
		0B05E7701E4FC8DD00D7DC82 /* Caesar.xcdatamodel */ = {isa = PBXFileReference; lastKnownFileType = wrapper.xcdatamodel; path = Caesar.xcdatamodel; sourceTree = "<group>"; };
		0B05E7721E4FC8DD00D7DC82 /* Assets.xcassets */ = {isa = PBXFileReference; lastKnownFileType = folder.assetcatalog; path = Assets.xcassets; sourceTree = "<group>"; };
		0B05E7751E4FC8DD00D7DC82 /* Base */ = {isa = PBXFileReference; lastKnownFileType = file.storyboard; name = Base; path = Base.lproj/LaunchScreen.storyboard; sourceTree = "<group>"; };
		0B05E7771E4FC8DD00D7DC82 /* Info.plist */ = {isa = PBXFileReference; lastKnownFileType = text.plist.xml; path = Info.plist; sourceTree = "<group>"; };
		0B4300001E5776E1004807F6 /* Okomito-BoldItalic.otf */ = {isa = PBXFileReference; lastKnownFileType = file; path = "Okomito-BoldItalic.otf"; sourceTree = "<group>"; };
		0B4300011E5776E1004807F6 /* Okomito-Italic.otf */ = {isa = PBXFileReference; lastKnownFileType = file; path = "Okomito-Italic.otf"; sourceTree = "<group>"; };
		0B4300021E5776E1004807F6 /* Okomito-Light.otf */ = {isa = PBXFileReference; lastKnownFileType = file; path = "Okomito-Light.otf"; sourceTree = "<group>"; };
		0B4300031E5776E1004807F6 /* Okomito-LightItalic.otf */ = {isa = PBXFileReference; lastKnownFileType = file; path = "Okomito-LightItalic.otf"; sourceTree = "<group>"; };
		0B4300041E5776E1004807F6 /* Okomito-Medium.otf */ = {isa = PBXFileReference; lastKnownFileType = file; path = "Okomito-Medium.otf"; sourceTree = "<group>"; };
		0B4300051E5776E1004807F6 /* Okomito-MediumItalic.otf */ = {isa = PBXFileReference; lastKnownFileType = file; path = "Okomito-MediumItalic.otf"; sourceTree = "<group>"; };
		0B4300061E5776E1004807F6 /* Okomito-Regular.otf */ = {isa = PBXFileReference; lastKnownFileType = file; path = "Okomito-Regular.otf"; sourceTree = "<group>"; };
		0B4300101E5776E8004807F6 /* EULA.txt */ = {isa = PBXFileReference; lastKnownFileType = text; path = EULA.txt; sourceTree = "<group>"; };
		0B4300121E578E21004807F6 /* HistoryCell.swift */ = {isa = PBXFileReference; fileEncoding = 4; lastKnownFileType = sourcecode.swift; path = HistoryCell.swift; sourceTree = "<group>"; };
		0B43FFFE1E5776E1004807F6 /* Okomito-Black.otf */ = {isa = PBXFileReference; lastKnownFileType = file; path = "Okomito-Black.otf"; sourceTree = "<group>"; };
		0B43FFFF1E5776E1004807F6 /* Okomito-Bold.otf */ = {isa = PBXFileReference; lastKnownFileType = file; path = "Okomito-Bold.otf"; sourceTree = "<group>"; };
		0BC2020E1E51F7DF00B6D5C1 /* Caesar.entitlements */ = {isa = PBXFileReference; lastKnownFileType = text.plist.entitlements; path = Caesar.entitlements; sourceTree = "<group>"; };
		0BC202101E51FA2300B6D5C1 /* CloudKit.framework */ = {isa = PBXFileReference; lastKnownFileType = wrapper.framework; name = CloudKit.framework; path = System/Library/Frameworks/CloudKit.framework; sourceTree = SDKROOT; };
		0BC202121E52183200B6D5C1 /* Algorithms.swift */ = {isa = PBXFileReference; fileEncoding = 4; lastKnownFileType = sourcecode.swift; path = Algorithms.swift; sourceTree = "<group>"; };
		0BC202141E5246F300B6D5C1 /* HistoryController.swift */ = {isa = PBXFileReference; fileEncoding = 4; lastKnownFileType = sourcecode.swift; path = HistoryController.swift; sourceTree = "<group>"; };
		0BC202161E52529C00B6D5C1 /* Cipher.swift */ = {isa = PBXFileReference; fileEncoding = 4; lastKnownFileType = sourcecode.swift; path = Cipher.swift; sourceTree = "<group>"; };
/* End PBXFileReference section */

/* Begin PBXFrameworksBuildPhase section */
		0B05E7621E4FC8DD00D7DC82 /* Frameworks */ = {
			isa = PBXFrameworksBuildPhase;
			buildActionMask = 2147483647;
			files = (
				0BC202111E51FA2300B6D5C1 /* CloudKit.framework in Frameworks */,
			);
			runOnlyForDeploymentPostprocessing = 0;
		};
/* End PBXFrameworksBuildPhase section */

/* Begin PBXGroup section */
		0B05E75C1E4FC8DD00D7DC82 = {
			isa = PBXGroup;
			children = (
				0B4300101E5776E8004807F6 /* EULA.txt */,
				0B43FFFE1E5776E1004807F6 /* Okomito-Black.otf */,
				0B43FFFF1E5776E1004807F6 /* Okomito-Bold.otf */,
				0B4300001E5776E1004807F6 /* Okomito-BoldItalic.otf */,
				0B4300011E5776E1004807F6 /* Okomito-Italic.otf */,
				0B4300021E5776E1004807F6 /* Okomito-Light.otf */,
				0B4300031E5776E1004807F6 /* Okomito-LightItalic.otf */,
				0B4300041E5776E1004807F6 /* Okomito-Medium.otf */,
				0B4300051E5776E1004807F6 /* Okomito-MediumItalic.otf */,
				0B4300061E5776E1004807F6 /* Okomito-Regular.otf */,
				0B05E7671E4FC8DD00D7DC82 /* Caesar */,
				0B05E7661E4FC8DD00D7DC82 /* Products */,
				0BC2020F1E51FA2300B6D5C1 /* Frameworks */,
			);
			sourceTree = "<group>";
		};
		0B05E7661E4FC8DD00D7DC82 /* Products */ = {
			isa = PBXGroup;
			children = (
				0B05E7651E4FC8DD00D7DC82 /* Caesar.app */,
			);
			name = Products;
			sourceTree = "<group>";
		};
		0B05E7671E4FC8DD00D7DC82 /* Caesar */ = {
			isa = PBXGroup;
			children = (
				0BC2020E1E51F7DF00B6D5C1 /* Caesar.entitlements */,
				0B05E7681E4FC8DD00D7DC82 /* AppDelegate.swift */,
				0B05E76A1E4FC8DD00D7DC82 /* MainController.swift */,
				0BC202141E5246F300B6D5C1 /* HistoryController.swift */,
				0B4300121E578E21004807F6 /* HistoryCell.swift */,
				0BC202121E52183200B6D5C1 /* Algorithms.swift */,
				0BC202161E52529C00B6D5C1 /* Cipher.swift */,
				0B05E7721E4FC8DD00D7DC82 /* Assets.xcassets */,
				0B05E7741E4FC8DD00D7DC82 /* LaunchScreen.storyboard */,
				0B05E7771E4FC8DD00D7DC82 /* Info.plist */,
				0B05E76F1E4FC8DD00D7DC82 /* Caesar.xcdatamodeld */,
			);
			path = Caesar;
			sourceTree = "<group>";
		};
		0BC2020F1E51FA2300B6D5C1 /* Frameworks */ = {
			isa = PBXGroup;
			children = (
				0BC202101E51FA2300B6D5C1 /* CloudKit.framework */,
			);
			name = Frameworks;
			sourceTree = "<group>";
		};
/* End PBXGroup section */

/* Begin PBXNativeTarget section */
		0B05E7641E4FC8DD00D7DC82 /* Caesar */ = {
			isa = PBXNativeTarget;
			buildConfigurationList = 0B05E77A1E4FC8DD00D7DC82 /* Build configuration list for PBXNativeTarget "Caesar" */;
			buildPhases = (
				0B05E7611E4FC8DD00D7DC82 /* Sources */,
				0B05E7621E4FC8DD00D7DC82 /* Frameworks */,
				0B05E7631E4FC8DD00D7DC82 /* Resources */,
			);
			buildRules = (
			);
			dependencies = (
			);
			name = Caesar;
			productName = Caesar;
			productReference = 0B05E7651E4FC8DD00D7DC82 /* Caesar.app */;
			productType = "com.apple.product-type.application";
		};
/* End PBXNativeTarget section */

/* Begin PBXProject section */
		0B05E75D1E4FC8DD00D7DC82 /* Project object */ = {
			isa = PBXProject;
			attributes = {
				LastSwiftUpdateCheck = 0820;
				LastUpgradeCheck = 0820;
				ORGANIZATIONNAME = "Lukas A. Muller";
				TargetAttributes = {
					0B05E7641E4FC8DD00D7DC82 = {
						CreatedOnToolsVersion = 8.2.1;
						DevelopmentTeam = 42YT2Y78T5;
						ProvisioningStyle = Automatic;
						SystemCapabilities = {
							com.apple.Push = {
								enabled = 1;
							};
							com.apple.iCloud = {
								enabled = 1;
							};
						};
					};
				};
			};
			buildConfigurationList = 0B05E7601E4FC8DD00D7DC82 /* Build configuration list for PBXProject "Caesar" */;
			compatibilityVersion = "Xcode 3.2";
			developmentRegion = English;
			hasScannedForEncodings = 0;
			knownRegions = (
				en,
				Base,
			);
			mainGroup = 0B05E75C1E4FC8DD00D7DC82;
			productRefGroup = 0B05E7661E4FC8DD00D7DC82 /* Products */;
			projectDirPath = "";
			projectRoot = "";
			targets = (
				0B05E7641E4FC8DD00D7DC82 /* Caesar */,
			);
		};
/* End PBXProject section */

/* Begin PBXResourcesBuildPhase section */
		0B05E7631E4FC8DD00D7DC82 /* Resources */ = {
			isa = PBXResourcesBuildPhase;
			buildActionMask = 2147483647;
			files = (
				0B05E7761E4FC8DD00D7DC82 /* LaunchScreen.storyboard in Resources */,
				0B05E7731E4FC8DD00D7DC82 /* Assets.xcassets in Resources */,
				0B4300071E5776E1004807F6 /* Okomito-Black.otf in Resources */,
				0B4300081E5776E1004807F6 /* Okomito-Bold.otf in Resources */,
				0B4300091E5776E1004807F6 /* Okomito-BoldItalic.otf in Resources */,
				0B43000A1E5776E1004807F6 /* Okomito-Italic.otf in Resources */,
				0B43000B1E5776E1004807F6 /* Okomito-Light.otf in Resources */,
				0B43000C1E5776E1004807F6 /* Okomito-LightItalic.otf in Resources */,
				0B4300111E5776E8004807F6 /* EULA.txt in Resources */,
				0B43000D1E5776E1004807F6 /* Okomito-Medium.otf in Resources */,
				0B43000E1E5776E1004807F6 /* Okomito-MediumItalic.otf in Resources */,
				0B43000F1E5776E1004807F6 /* Okomito-Regular.otf in Resources */,
			);
			runOnlyForDeploymentPostprocessing = 0;
		};
/* End PBXResourcesBuildPhase section */

/* Begin PBXSourcesBuildPhase section */
		0B05E7611E4FC8DD00D7DC82 /* Sources */ = {
			isa = PBXSourcesBuildPhase;
			buildActionMask = 2147483647;
			files = (
				0BC202171E52529C00B6D5C1 /* Cipher.swift in Sources */,
				0B4300131E578E21004807F6 /* HistoryCell.swift in Sources */,
				0BC202151E5246F300B6D5C1 /* HistoryController.swift in Sources */,
				0B05E76B1E4FC8DD00D7DC82 /* MainController.swift in Sources */,
				0BC202131E52183200B6D5C1 /* Algorithms.swift in Sources */,
				0B05E7711E4FC8DD00D7DC82 /* Caesar.xcdatamodeld in Sources */,
				0B05E7691E4FC8DD00D7DC82 /* AppDelegate.swift in Sources */,
			);
			runOnlyForDeploymentPostprocessing = 0;
		};
/* End PBXSourcesBuildPhase section */

/* Begin PBXVariantGroup section */
		0B05E7741E4FC8DD00D7DC82 /* LaunchScreen.storyboard */ = {
			isa = PBXVariantGroup;
			children = (
				0B05E7751E4FC8DD00D7DC82 /* Base */,
			);
			name = LaunchScreen.storyboard;
			sourceTree = "<group>";
		};
/* End PBXVariantGroup section */

/* Begin XCBuildConfiguration section */
		0B05E7781E4FC8DD00D7DC82 /* Debug */ = {
			isa = XCBuildConfiguration;
			buildSettings = {
				ALWAYS_SEARCH_USER_PATHS = NO;
				CLANG_ANALYZER_NONNULL = YES;
				CLANG_CXX_LANGUAGE_STANDARD = "gnu++0x";
				CLANG_CXX_LIBRARY = "libc++";
				CLANG_ENABLE_MODULES = YES;
				CLANG_ENABLE_OBJC_ARC = YES;
				CLANG_WARN_BOOL_CONVERSION = YES;
				CLANG_WARN_CONSTANT_CONVERSION = YES;
				CLANG_WARN_DIRECT_OBJC_ISA_USAGE = YES_ERROR;
				CLANG_WARN_DOCUMENTATION_COMMENTS = YES;
				CLANG_WARN_EMPTY_BODY = YES;
				CLANG_WARN_ENUM_CONVERSION = YES;
				CLANG_WARN_INFINITE_RECURSION = YES;
				CLANG_WARN_INT_CONVERSION = YES;
				CLANG_WARN_OBJC_ROOT_CLASS = YES_ERROR;
				CLANG_WARN_SUSPICIOUS_MOVE = YES;
				CLANG_WARN_UNREACHABLE_CODE = YES;
				CLANG_WARN__DUPLICATE_METHOD_MATCH = YES;
				"CODE_SIGN_IDENTITY[sdk=iphoneos*]" = "iPhone Developer";
				COPY_PHASE_STRIP = NO;
				DEBUG_INFORMATION_FORMAT = dwarf;
				ENABLE_STRICT_OBJC_MSGSEND = YES;
				ENABLE_TESTABILITY = YES;
				GCC_C_LANGUAGE_STANDARD = gnu99;
				GCC_DYNAMIC_NO_PIC = NO;
				GCC_NO_COMMON_BLOCKS = YES;
				GCC_OPTIMIZATION_LEVEL = 0;
				GCC_PREPROCESSOR_DEFINITIONS = (
					"DEBUG=1",
					"$(inherited)",
				);
				GCC_WARN_64_TO_32_BIT_CONVERSION = YES;
				GCC_WARN_ABOUT_RETURN_TYPE = YES_ERROR;
				GCC_WARN_UNDECLARED_SELECTOR = YES;
				GCC_WARN_UNINITIALIZED_AUTOS = YES_AGGRESSIVE;
				GCC_WARN_UNUSED_FUNCTION = YES;
				GCC_WARN_UNUSED_VARIABLE = YES;
				IPHONEOS_DEPLOYMENT_TARGET = 10.2;
				MTL_ENABLE_DEBUG_INFO = YES;
				ONLY_ACTIVE_ARCH = YES;
				SDKROOT = iphoneos;
				SWIFT_ACTIVE_COMPILATION_CONDITIONS = DEBUG;
				SWIFT_OPTIMIZATION_LEVEL = "-Onone";
				TARGETED_DEVICE_FAMILY = "1,2";
			};
			name = Debug;
		};
		0B05E7791E4FC8DD00D7DC82 /* Release */ = {
			isa = XCBuildConfiguration;
			buildSettings = {
				ALWAYS_SEARCH_USER_PATHS = NO;
				CLANG_ANALYZER_NONNULL = YES;
				CLANG_CXX_LANGUAGE_STANDARD = "gnu++0x";
				CLANG_CXX_LIBRARY = "libc++";
				CLANG_ENABLE_MODULES = YES;
				CLANG_ENABLE_OBJC_ARC = YES;
				CLANG_WARN_BOOL_CONVERSION = YES;
				CLANG_WARN_CONSTANT_CONVERSION = YES;
				CLANG_WARN_DIRECT_OBJC_ISA_USAGE = YES_ERROR;
				CLANG_WARN_DOCUMENTATION_COMMENTS = YES;
				CLANG_WARN_EMPTY_BODY = YES;
				CLANG_WARN_ENUM_CONVERSION = YES;
				CLANG_WARN_INFINITE_RECURSION = YES;
				CLANG_WARN_INT_CONVERSION = YES;
				CLANG_WARN_OBJC_ROOT_CLASS = YES_ERROR;
				CLANG_WARN_SUSPICIOUS_MOVE = YES;
				CLANG_WARN_UNREACHABLE_CODE = YES;
				CLANG_WARN__DUPLICATE_METHOD_MATCH = YES;
				"CODE_SIGN_IDENTITY[sdk=iphoneos*]" = "iPhone Developer";
				COPY_PHASE_STRIP = NO;
				DEBUG_INFORMATION_FORMAT = "dwarf-with-dsym";
				ENABLE_NS_ASSERTIONS = NO;
				ENABLE_STRICT_OBJC_MSGSEND = YES;
				GCC_C_LANGUAGE_STANDARD = gnu99;
				GCC_NO_COMMON_BLOCKS = YES;
				GCC_WARN_64_TO_32_BIT_CONVERSION = YES;
				GCC_WARN_ABOUT_RETURN_TYPE = YES_ERROR;
				GCC_WARN_UNDECLARED_SELECTOR = YES;
				GCC_WARN_UNINITIALIZED_AUTOS = YES_AGGRESSIVE;
				GCC_WARN_UNUSED_FUNCTION = YES;
				GCC_WARN_UNUSED_VARIABLE = YES;
				IPHONEOS_DEPLOYMENT_TARGET = 10.2;
				MTL_ENABLE_DEBUG_INFO = NO;
				SDKROOT = iphoneos;
				SWIFT_OPTIMIZATION_LEVEL = "-Owholemodule";
				TARGETED_DEVICE_FAMILY = "1,2";
				VALIDATE_PRODUCT = YES;
			};
			name = Release;
		};
		0B05E77B1E4FC8DD00D7DC82 /* Debug */ = {
			isa = XCBuildConfiguration;
			buildSettings = {
				ASSETCATALOG_COMPILER_APPICON_NAME = AppIcon;
				CODE_SIGN_ENTITLEMENTS = Caesar/Caesar.entitlements;
				DEVELOPMENT_TEAM = 42YT2Y78T5;
				INFOPLIST_FILE = Caesar/Info.plist;
				IPHONEOS_DEPLOYMENT_TARGET = 10.0;
				LD_RUNPATH_SEARCH_PATHS = "$(inherited) @executable_path/Frameworks";
				PRODUCT_BUNDLE_IDENTIFIER = guru.luke.Caesar;
				PRODUCT_NAME = "$(TARGET_NAME)";
				SWIFT_VERSION = 3.0;
			};
			name = Debug;
		};
		0B05E77C1E4FC8DD00D7DC82 /* Release */ = {
			isa = XCBuildConfiguration;
			buildSettings = {
				ASSETCATALOG_COMPILER_APPICON_NAME = AppIcon;
				CODE_SIGN_ENTITLEMENTS = Caesar/Caesar.entitlements;
				DEVELOPMENT_TEAM = 42YT2Y78T5;
				INFOPLIST_FILE = Caesar/Info.plist;
				IPHONEOS_DEPLOYMENT_TARGET = 10.0;
				LD_RUNPATH_SEARCH_PATHS = "$(inherited) @executable_path/Frameworks";
				PRODUCT_BUNDLE_IDENTIFIER = guru.luke.Caesar;
				PRODUCT_NAME = "$(TARGET_NAME)";
				SWIFT_VERSION = 3.0;
			};
			name = Release;
		};
/* End XCBuildConfiguration section */

/* Begin XCConfigurationList section */
		0B05E7601E4FC8DD00D7DC82 /* Build configuration list for PBXProject "Caesar" */ = {
			isa = XCConfigurationList;
			buildConfigurations = (
				0B05E7781E4FC8DD00D7DC82 /* Debug */,
				0B05E7791E4FC8DD00D7DC82 /* Release */,
			);
			defaultConfigurationIsVisible = 0;
			defaultConfigurationName = Release;
		};
		0B05E77A1E4FC8DD00D7DC82 /* Build configuration list for PBXNativeTarget "Caesar" */ = {
			isa = XCConfigurationList;
			buildConfigurations = (
				0B05E77B1E4FC8DD00D7DC82 /* Debug */,
				0B05E77C1E4FC8DD00D7DC82 /* Release */,
			);
			defaultConfigurationIsVisible = 0;
			defaultConfigurationName = Release;
		};
/* End XCConfigurationList section */

/* Begin XCVersionGroup section */
		0B05E76F1E4FC8DD00D7DC82 /* Caesar.xcdatamodeld */ = {
			isa = XCVersionGroup;
			children = (
				0B05E7701E4FC8DD00D7DC82 /* Caesar.xcdatamodel */,
			);
			currentVersion = 0B05E7701E4FC8DD00D7DC82 /* Caesar.xcdatamodel */;
			path = Caesar.xcdatamodeld;
			sourceTree = "<group>";
			versionGroupType = wrapper.xcdatamodel;
		};
/* End XCVersionGroup section */
	};
	rootObject = 0B05E75D1E4FC8DD00D7DC82 /* Project object */;
}
